
Microsoft Visual Studio Solution File, Format Version 12.00
# Visual Studio 14
VisualStudioVersion = 14.0.23107.0
MinimumVisualStudioVersion = 10.0.40219.1
Project("{FAE04EC0-301F-11D3-BF4B-00C04F79EFBC}") = "OrderSample", "OrderSample\OrderSample.csproj", "{D11E74AB-F401-4406-9D0B-FF684E6B48EA}"
EndProject
Project("{FAE04EC0-301F-11D3-BF4B-00C04F79EFBC}") = "DomainService", "DomainService\DomainService.csproj", "{B7086280-F417-4B82-813E-6753FC494E66}"
EndProject
Project("{FAE04EC0-301F-11D3-BF4B-00C04F79EFBC}") = "DomainModel", "DomainModel\DomainModel.csproj", "{4C963F52-2703-4959-8E1F-A10C829400EF}"
EndProject
Project("{FAE04EC0-301F-11D3-BF4B-00C04F79EFBC}") = "Interface", "Interface\Interface.csproj", "{F3A5D26E-F363-4A88-8CF9-0DA920014B92}"
EndProject
Global
	GlobalSection(SolutionConfigurationPlatforms) = preSolution
		Debug|Any CPU = Debug|Any CPU
		Release|Any CPU = Release|Any CPU
	EndGlobalSection
	GlobalSection(ProjectConfigurationPlatforms) = postSolution
		{D11E74AB-F401-4406-9D0B-FF684E6B48EA}.Debug|Any CPU.ActiveCfg = Debug|Any CPU
		{D11E74AB-F401-4406-9D0B-FF684E6B48EA}.Debug|Any CPU.Build.0 = Debug|Any CPU
		{D11E74AB-F401-4406-9D0B-FF684E6B48EA}.Release|Any CPU.ActiveCfg = Release|Any CPU
		{D11E74AB-F401-4406-9D0B-FF684E6B48EA}.Release|Any CPU.Build.0 = Release|Any CPU
		{B7086280-F417-4B82-813E-6753FC494E66}.Debug|Any CPU.ActiveCfg = Debug|Any CPU
		{B7086280-F417-4B82-813E-6753FC494E66}.Debug|Any CPU.Build.0 = Debug|Any CPU
		{B7086280-F417-4B82-813E-6753FC494E66}.Release|Any CPU.ActiveCfg = Release|Any CPU
		{B7086280-F417-4B82-813E-6753FC494E66}.Release|Any CPU.Build.0 = Release|Any CPU
		{4C963F52-2703-4959-8E1F-A10C829400EF}.Debug|Any CPU.ActiveCfg = Debug|Any CPU
		{4C963F52-2703-4959-8E1F-A10C829400EF}.Debug|Any CPU.Build.0 = Debug|Any CPU
		{4C963F52-2703-4959-8E1F-A10C829400EF}.Release|Any CPU.ActiveCfg = Release|Any CPU
		{4C963F52-2703-4959-8E1F-A10C829400EF}.Release|Any CPU.Build.0 = Release|Any CPU
		{F3A5D26E-F363-4A88-8CF9-0DA920014B92}.Debug|Any CPU.ActiveCfg = Debug|Any CPU
		{F3A5D26E-F363-4A88-8CF9-0DA920014B92}.Debug|Any CPU.Build.0 = Debug|Any CPU
		{F3A5D26E-F363-4A88-8CF9-0DA920014B92}.Release|Any CPU.ActiveCfg = Release|Any CPU
		{F3A5D26E-F363-4A88-8CF9-0DA920014B92}.Release|Any CPU.Build.0 = Release|Any CPU
	EndGlobalSection
	GlobalSection(SolutionProperties) = preSolution
		HideSolutionNode = FALSE
	EndGlobalSection
EndGlobal
